
Microsoft Visual Studio Solution File, Format Version 12.00
# Visual Studio Version 16
VisualStudioVersion = 16.0.30330.147
MinimumVisualStudioVersion = 10.0.40219.1
Project("{8BC9CEB8-8B4A-11D0-8D11-00A0C91BC942}") = "Task1", "Programming Lab 1\Programming Lab 1.vcxproj", "{BDE4966F-61AC-4ABF-B931-849DD51A8058}"
EndProject
Project("{8BC9CEB8-8B4A-11D0-8D11-00A0C91BC942}") = "Task2", "Task2\Task2.vcxproj", "{98C37A9F-E135-48D6-88F5-8F626C989C82}"
EndProject
Project("{8BC9CEB8-8B4A-11D0-8D11-00A0C91BC942}") = "Task 3", "Task 3\Task 3.vcxproj", "{B8386A43-A39A-4AF5-82C6-20CF539F3DE4}"
EndProject
Global
	GlobalSection(SolutionConfigurationPlatforms) = preSolution
		Debug|x64 = Debug|x64
		Debug|x86 = Debug|x86
		Release|x64 = Release|x64
		Release|x86 = Release|x86
	EndGlobalSection
	GlobalSection(ProjectConfigurationPlatforms) = postSolution
		{BDE4966F-61AC-4ABF-B931-849DD51A8058}.Debug|x64.ActiveCfg = Debug|x64
		{BDE4966F-61AC-4ABF-B931-849DD51A8058}.Debug|x64.Build.0 = Debug|x64
		{BDE4966F-61AC-4ABF-B931-849DD51A8058}.Debug|x86.ActiveCfg = Debug|Win32
		{BDE4966F-61AC-4ABF-B931-849DD51A8058}.Debug|x86.Build.0 = Debug|Win32
		{BDE4966F-61AC-4ABF-B931-849DD51A8058}.Release|x64.ActiveCfg = Release|x64
		{BDE4966F-61AC-4ABF-B931-849DD51A8058}.Release|x64.Build.0 = Release|x64
		{BDE4966F-61AC-4ABF-B931-849DD51A8058}.Release|x86.ActiveCfg = Release|Win32
		{BDE4966F-61AC-4ABF-B931-849DD51A8058}.Release|x86.Build.0 = Release|Win32
		{98C37A9F-E135-48D6-88F5-8F626C989C82}.Debug|x64.ActiveCfg = Debug|x64
		{98C37A9F-E135-48D6-88F5-8F626C989C82}.Debug|x64.Build.0 = Debug|x64
		{98C37A9F-E135-48D6-88F5-8F626C989C82}.Debug|x86.ActiveCfg = Debug|Win32
		{98C37A9F-E135-48D6-88F5-8F626C989C82}.Debug|x86.Build.0 = Debug|Win32
		{98C37A9F-E135-48D6-88F5-8F626C989C82}.Release|x64.ActiveCfg = Release|x64
		{98C37A9F-E135-48D6-88F5-8F626C989C82}.Release|x64.Build.0 = Release|x64
		{98C37A9F-E135-48D6-88F5-8F626C989C82}.Release|x86.ActiveCfg = Release|Win32
		{98C37A9F-E135-48D6-88F5-8F626C989C82}.Release|x86.Build.0 = Release|Win32
		{B8386A43-A39A-4AF5-82C6-20CF539F3DE4}.Debug|x64.ActiveCfg = Debug|x64
		{B8386A43-A39A-4AF5-82C6-20CF539F3DE4}.Debug|x64.Build.0 = Debug|x64
		{B8386A43-A39A-4AF5-82C6-20CF539F3DE4}.Debug|x86.ActiveCfg = Debug|Win32
		{B8386A43-A39A-4AF5-82C6-20CF539F3DE4}.Debug|x86.Build.0 = Debug|Win32
		{B8386A43-A39A-4AF5-82C6-20CF539F3DE4}.Release|x64.ActiveCfg = Release|x64
		{B8386A43-A39A-4AF5-82C6-20CF539F3DE4}.Release|x64.Build.0 = Release|x64
		{B8386A43-A39A-4AF5-82C6-20CF539F3DE4}.Release|x86.ActiveCfg = Release|Win32
		{B8386A43-A39A-4AF5-82C6-20CF539F3DE4}.Release|x86.Build.0 = Release|Win32
	EndGlobalSection
	GlobalSection(SolutionProperties) = preSolution
		HideSolutionNode = FALSE
	EndGlobalSection
	GlobalSection(ExtensibilityGlobals) = postSolution
		SolutionGuid = {AD45A817-2B30-41E7-B6A0-BD77F043F7FB}
	EndGlobalSection
EndGlobal
